// !$*UTF8*$!
{
	archiveVersion = 1;
	classes = {
	};
	objectVersion = 50;
	objects = {

/* Begin PBXBuildFile section */
		649BF966249063BD00D1BDE4 /* AppDelegate.swift in Sources */ = {isa = PBXBuildFile; fileRef = 649BF965249063BD00D1BDE4 /* AppDelegate.swift */; };
		649BF968249063BD00D1BDE4 /* SceneDelegate.swift in Sources */ = {isa = PBXBuildFile; fileRef = 649BF967249063BD00D1BDE4 /* SceneDelegate.swift */; };
		649BF96A249063BD00D1BDE4 /* ViewController.swift in Sources */ = {isa = PBXBuildFile; fileRef = 649BF969249063BD00D1BDE4 /* ViewController.swift */; };
		649BF96D249063BD00D1BDE4 /* Main.storyboard in Resources */ = {isa = PBXBuildFile; fileRef = 649BF96B249063BD00D1BDE4 /* Main.storyboard */; };
		649BF970249063BD00D1BDE4 /* PDFCreator.xcdatamodeld in Sources */ = {isa = PBXBuildFile; fileRef = 649BF96E249063BD00D1BDE4 /* PDFCreator.xcdatamodeld */; };
		649BF972249063C500D1BDE4 /* Assets.xcassets in Resources */ = {isa = PBXBuildFile; fileRef = 649BF971249063C500D1BDE4 /* Assets.xcassets */; };
		649BF975249063C500D1BDE4 /* LaunchScreen.storyboard in Resources */ = {isa = PBXBuildFile; fileRef = 649BF973249063C500D1BDE4 /* LaunchScreen.storyboard */; };
/* End PBXBuildFile section */

/* Begin PBXFileReference section */
		649BF962249063BD00D1BDE4 /* PDFCreator.app */ = {isa = PBXFileReference; explicitFileType = wrapper.application; includeInIndex = 0; path = PDFCreator.app; sourceTree = BUILT_PRODUCTS_DIR; };
		649BF965249063BD00D1BDE4 /* AppDelegate.swift */ = {isa = PBXFileReference; lastKnownFileType = sourcecode.swift; path = AppDelegate.swift; sourceTree = "<group>"; };
		649BF967249063BD00D1BDE4 /* SceneDelegate.swift */ = {isa = PBXFileReference; lastKnownFileType = sourcecode.swift; path = SceneDelegate.swift; sourceTree = "<group>"; };
		649BF969249063BD00D1BDE4 /* ViewController.swift */ = {isa = PBXFileReference; lastKnownFileType = sourcecode.swift; path = ViewController.swift; sourceTree = "<group>"; };
		649BF96C249063BD00D1BDE4 /* Base */ = {isa = PBXFileReference; lastKnownFileType = file.storyboard; name = Base; path = Base.lproj/Main.storyboard; sourceTree = "<group>"; };
		649BF96F249063BD00D1BDE4 /* PDFCreator.xcdatamodel */ = {isa = PBXFileReference; lastKnownFileType = wrapper.xcdatamodel; path = PDFCreator.xcdatamodel; sourceTree = "<group>"; };
		649BF971249063C500D1BDE4 /* Assets.xcassets */ = {isa = PBXFileReference; lastKnownFileType = folder.assetcatalog; path = Assets.xcassets; sourceTree = "<group>"; };
		649BF974249063C500D1BDE4 /* Base */ = {isa = PBXFileReference; lastKnownFileType = file.storyboard; name = Base; path = Base.lproj/LaunchScreen.storyboard; sourceTree = "<group>"; };
		649BF976249063C500D1BDE4 /* Info.plist */ = {isa = PBXFileReference; lastKnownFileType = text.plist.xml; path = Info.plist; sourceTree = "<group>"; };
/* End PBXFileReference section */

/* Begin PBXFrameworksBuildPhase section */
		649BF95F249063BD00D1BDE4 /* Frameworks */ = {
			isa = PBXFrameworksBuildPhase;
			buildActionMask = 2147483647;
			files = (
			);
			runOnlyForDeploymentPostprocessing = 0;
		};
/* End PBXFrameworksBuildPhase section */

/* Begin PBXGroup section */
		649BF959249063BD00D1BDE4 = {
			isa = PBXGroup;
			children = (
				649BF964249063BD00D1BDE4 /* PDFCreator */,
				649BF963249063BD00D1BDE4 /* Products */,
			);
			sourceTree = "<group>";
		};
		649BF963249063BD00D1BDE4 /* Products */ = {
			isa = PBXGroup;
			children = (
				649BF962249063BD00D1BDE4 /* PDFCreator.app */,
			);
			name = Products;
			sourceTree = "<group>";
		};
		649BF964249063BD00D1BDE4 /* PDFCreator */ = {
			isa = PBXGroup;
			children = (
				649BF965249063BD00D1BDE4 /* AppDelegate.swift */,
				649BF967249063BD00D1BDE4 /* SceneDelegate.swift */,
				649BF969249063BD00D1BDE4 /* ViewController.swift */,
				649BF96B249063BD00D1BDE4 /* Main.storyboard */,
				649BF971249063C500D1BDE4 /* Assets.xcassets */,
				649BF973249063C500D1BDE4 /* LaunchScreen.storyboard */,
				649BF976249063C500D1BDE4 /* Info.plist */,
				649BF96E249063BD00D1BDE4 /* PDFCreator.xcdatamodeld */,
			);
			path = PDFCreator;
			sourceTree = "<group>";
		};
/* End PBXGroup section */

/* Begin PBXNativeTarget section */
		649BF961249063BD00D1BDE4 /* PDFCreator */ = {
			isa = PBXNativeTarget;
			buildConfigurationList = 649BF979249063C500D1BDE4 /* Build configuration list for PBXNativeTarget "PDFCreator" */;
			buildPhases = (
				649BF95E249063BD00D1BDE4 /* Sources */,
				649BF95F249063BD00D1BDE4 /* Frameworks */,
				649BF960249063BD00D1BDE4 /* Resources */,
			);
			buildRules = (
			);
			dependencies = (
			);
			name = PDFCreator;
			productName = PDFCreator;
			productReference = 649BF962249063BD00D1BDE4 /* PDFCreator.app */;
			productType = "com.apple.product-type.application";
		};
/* End PBXNativeTarget section */

/* Begin PBXProject section */
		649BF95A249063BD00D1BDE4 /* Project object */ = {
			isa = PBXProject;
			attributes = {
				LastSwiftUpdateCheck = 1150;
				LastUpgradeCheck = 1150;
				ORGANIZATIONNAME = "Elias Hall";
				TargetAttributes = {
					649BF961249063BD00D1BDE4 = {
						CreatedOnToolsVersion = 11.5;
					};
				};
			};
			buildConfigurationList = 649BF95D249063BD00D1BDE4 /* Build configuration list for PBXProject "PDFCreator" */;
			compatibilityVersion = "Xcode 9.3";
			developmentRegion = en;
			hasScannedForEncodings = 0;
			knownRegions = (
				en,
				Base,
			);
			mainGroup = 649BF959249063BD00D1BDE4;
			productRefGroup = 649BF963249063BD00D1BDE4 /* Products */;
			projectDirPath = "";
			projectRoot = "";
			targets = (
				649BF961249063BD00D1BDE4 /* PDFCreator */,
			);
		};
/* End PBXProject section */

/* Begin PBXResourcesBuildPhase section */
		649BF960249063BD00D1BDE4 /* Resources */ = {
			isa = PBXResourcesBuildPhase;
			buildActionMask = 2147483647;
			files = (
				649BF975249063C500D1BDE4 /* LaunchScreen.storyboard in Resources */,
				649BF972249063C500D1BDE4 /* Assets.xcassets in Resources */,
				649BF96D249063BD00D1BDE4 /* Main.storyboard in Resources */,
			);
			runOnlyForDeploymentPostprocessing = 0;
		};
/* End PBXResourcesBuildPhase section */

/* Begin PBXSourcesBuildPhase section */
		649BF95E249063BD00D1BDE4 /* Sources */ = {
			isa = PBXSourcesBuildPhase;
			buildActionMask = 2147483647;
			files = (
				649BF96A249063BD00D1BDE4 /* ViewController.swift in Sources */,
				649BF970249063BD00D1BDE4 /* PDFCreator.xcdatamodeld in Sources */,
				649BF966249063BD00D1BDE4 /* AppDelegate.swift in Sources */,
				649BF968249063BD00D1BDE4 /* SceneDelegate.swift in Sources */,
			);
			runOnlyForDeploymentPostprocessing = 0;
		};
/* End PBXSourcesBuildPhase section */

/* Begin PBXVariantGroup section */
		649BF96B249063BD00D1BDE4 /* Main.storyboard */ = {
			isa = PBXVariantGroup;
			children = (
				649BF96C249063BD00D1BDE4 /* Base */,
			);
			name = Main.storyboard;
			sourceTree = "<group>";
		};
		649BF973249063C500D1BDE4 /* LaunchScreen.storyboard */ = {
			isa = PBXVariantGroup;
			children = (
				649BF974249063C500D1BDE4 /* Base */,
			);
			name = LaunchScreen.storyboard;
			sourceTree = "<group>";
		};
/* End PBXVariantGroup section */

/* Begin XCBuildConfiguration section */
		649BF977249063C500D1BDE4 /* Debug */ = {
			isa = XCBuildConfiguration;
			buildSettings = {
				ALWAYS_SEARCH_USER_PATHS = NO;
				CLANG_ANALYZER_NONNULL = YES;
				CLANG_ANALYZER_NUMBER_OBJECT_CONVERSION = YES_AGGRESSIVE;
				CLANG_CXX_LANGUAGE_STANDARD = "gnu++14";
				CLANG_CXX_LIBRARY = "libc++";
				CLANG_ENABLE_MODULES = YES;
				CLANG_ENABLE_OBJC_ARC = YES;
				CLANG_ENABLE_OBJC_WEAK = YES;
				CLANG_WARN_BLOCK_CAPTURE_AUTORELEASING = YES;
				CLANG_WARN_BOOL_CONVERSION = YES;
				CLANG_WARN_COMMA = YES;
				CLANG_WARN_CONSTANT_CONVERSION = YES;
				CLANG_WARN_DEPRECATED_OBJC_IMPLEMENTATIONS = YES;
				CLANG_WARN_DIRECT_OBJC_ISA_USAGE = YES_ERROR;
				CLANG_WARN_DOCUMENTATION_COMMENTS = YES;
				CLANG_WARN_EMPTY_BODY = YES;
				CLANG_WARN_ENUM_CONVERSION = YES;
				CLANG_WARN_INFINITE_RECURSION = YES;
				CLANG_WARN_INT_CONVERSION = YES;
				CLANG_WARN_NON_LITERAL_NULL_CONVERSION = YES;
				CLANG_WARN_OBJC_IMPLICIT_RETAIN_SELF = YES;
				CLANG_WARN_OBJC_LITERAL_CONVERSION = YES;
				CLANG_WARN_OBJC_ROOT_CLASS = YES_ERROR;
				CLANG_WARN_RANGE_LOOP_ANALYSIS = YES;
				CLANG_WARN_STRICT_PROTOTYPES = YES;
				CLANG_WARN_SUSPICIOUS_MOVE = YES;
				CLANG_WARN_UNGUARDED_AVAILABILITY = YES_AGGRESSIVE;
				CLANG_WARN_UNREACHABLE_CODE = YES;
				CLANG_WARN__DUPLICATE_METHOD_MATCH = YES;
				COPY_PHASE_STRIP = NO;
				DEBUG_INFORMATION_FORMAT = dwarf;
				ENABLE_STRICT_OBJC_MSGSEND = YES;
				ENABLE_TESTABILITY = YES;
				GCC_C_LANGUAGE_STANDARD = gnu11;
				GCC_DYNAMIC_NO_PIC = NO;
				GCC_NO_COMMON_BLOCKS = YES;
				GCC_OPTIMIZATION_LEVEL = 0;
				GCC_PREPROCESSOR_DEFINITIONS = (
					"DEBUG=1",
					"$(inherited)",
				);
				GCC_WARN_64_TO_32_BIT_CONVERSION = YES;
				GCC_WARN_ABOUT_RETURN_TYPE = YES_ERROR;
				GCC_WARN_UNDECLARED_SELECTOR = YES;
				GCC_WARN_UNINITIALIZED_AUTOS = YES_AGGRESSIVE;
				GCC_WARN_UNUSED_FUNCTION = YES;
				GCC_WARN_UNUSED_VARIABLE = YES;
				IPHONEOS_DEPLOYMENT_TARGET = 13.5;
				MTL_ENABLE_DEBUG_INFO = INCLUDE_SOURCE;
				MTL_FAST_MATH = YES;
				ONLY_ACTIVE_ARCH = YES;
				SDKROOT = iphoneos;
				SWIFT_ACTIVE_COMPILATION_CONDITIONS = DEBUG;
				SWIFT_OPTIMIZATION_LEVEL = "-Onone";
			};
			name = Debug;
		};
		649BF978249063C500D1BDE4 /* Release */ = {
			isa = XCBuildConfiguration;
			buildSettings = {
				ALWAYS_SEARCH_USER_PATHS = NO;
				CLANG_ANALYZER_NONNULL = YES;
				CLANG_ANALYZER_NUMBER_OBJECT_CONVERSION = YES_AGGRESSIVE;
				CLANG_CXX_LANGUAGE_STANDARD = "gnu++14";
				CLANG_CXX_LIBRARY = "libc++";
				CLANG_ENABLE_MODULES = YES;
				CLANG_ENABLE_OBJC_ARC = YES;
				CLANG_ENABLE_OBJC_WEAK = YES;
				CLANG_WARN_BLOCK_CAPTURE_AUTORELEASING = YES;
				CLANG_WARN_BOOL_CONVERSION = YES;
				CLANG_WARN_COMMA = YES;
				CLANG_WARN_CONSTANT_CONVERSION = YES;
				CLANG_WARN_DEPRECATED_OBJC_IMPLEMENTATIONS = YES;
				CLANG_WARN_DIRECT_OBJC_ISA_USAGE = YES_ERROR;
				CLANG_WARN_DOCUMENTATION_COMMENTS = YES;
				CLANG_WARN_EMPTY_BODY = YES;
				CLANG_WARN_ENUM_CONVERSION = YES;
				CLANG_WARN_INFINITE_RECURSION = YES;
				CLANG_WARN_INT_CONVERSION = YES;
				CLANG_WARN_NON_LITERAL_NULL_CONVERSION = YES;
				CLANG_WARN_OBJC_IMPLICIT_RETAIN_SELF = YES;
				CLANG_WARN_OBJC_LITERAL_CONVERSION = YES;
				CLANG_WARN_OBJC_ROOT_CLASS = YES_ERROR;
				CLANG_WARN_RANGE_LOOP_ANALYSIS = YES;
				CLANG_WARN_STRICT_PROTOTYPES = YES;
				CLANG_WARN_SUSPICIOUS_MOVE = YES;
				CLANG_WARN_UNGUARDED_AVAILABILITY = YES_AGGRESSIVE;
				CLANG_WARN_UNREACHABLE_CODE = YES;
				CLANG_WARN__DUPLICATE_METHOD_MATCH = YES;
				COPY_PHASE_STRIP = NO;
				DEBUG_INFORMATION_FORMAT = "dwarf-with-dsym";
				ENABLE_NS_ASSERTIONS = NO;
				ENABLE_STRICT_OBJC_MSGSEND = YES;
				GCC_C_LANGUAGE_STANDARD = gnu11;
				GCC_NO_COMMON_BLOCKS = YES;
				GCC_WARN_64_TO_32_BIT_CONVERSION = YES;
				GCC_WARN_ABOUT_RETURN_TYPE = YES_ERROR;
				GCC_WARN_UNDECLARED_SELECTOR = YES;
				GCC_WARN_UNINITIALIZED_AUTOS = YES_AGGRESSIVE;
				GCC_WARN_UNUSED_FUNCTION = YES;
				GCC_WARN_UNUSED_VARIABLE = YES;
				IPHONEOS_DEPLOYMENT_TARGET = 13.5;
				MTL_ENABLE_DEBUG_INFO = NO;
				MTL_FAST_MATH = YES;
				SDKROOT = iphoneos;
				SWIFT_COMPILATION_MODE = wholemodule;
				SWIFT_OPTIMIZATION_LEVEL = "-O";
				VALIDATE_PRODUCT = YES;
			};
			name = Release;
		};
		649BF97A249063C500D1BDE4 /* Debug */ = {
			isa = XCBuildConfiguration;
			buildSettings = {
				ASSETCATALOG_COMPILER_APPICON_NAME = AppIcon;
				CODE_SIGN_STYLE = Automatic;
				DEVELOPMENT_TEAM = KFS7JDA8K2;
				INFOPLIST_FILE = PDFCreator/Info.plist;
				LD_RUNPATH_SEARCH_PATHS = (
					"$(inherited)",
					"@executable_path/Frameworks",
				);
				PRODUCT_BUNDLE_IDENTIFIER = com.eliashall.PDFCreator;
				PRODUCT_NAME = "$(TARGET_NAME)";
				SWIFT_VERSION = 5.0;
				TARGETED_DEVICE_FAMILY = "1,2";
			};
			name = Debug;
		};
		649BF97B249063C500D1BDE4 /* Release */ = {
			isa = XCBuildConfiguration;
			buildSettings = {
				ASSETCATALOG_COMPILER_APPICON_NAME = AppIcon;
				CODE_SIGN_STYLE = Automatic;
				DEVELOPMENT_TEAM = KFS7JDA8K2;
				INFOPLIST_FILE = PDFCreator/Info.plist;
				LD_RUNPATH_SEARCH_PATHS = (
					"$(inherited)",
					"@executable_path/Frameworks",
				);
				PRODUCT_BUNDLE_IDENTIFIER = com.eliashall.PDFCreator;
				PRODUCT_NAME = "$(TARGET_NAME)";
				SWIFT_VERSION = 5.0;
				TARGETED_DEVICE_FAMILY = "1,2";
			};
			name = Release;
		};
/* End XCBuildConfiguration section */

/* Begin XCConfigurationList section */
		649BF95D249063BD00D1BDE4 /* Build configuration list for PBXProject "PDFCreator" */ = {
			isa = XCConfigurationList;
			buildConfigurations = (
				649BF977249063C500D1BDE4 /* Debug */,
				649BF978249063C500D1BDE4 /* Release */,
			);
			defaultConfigurationIsVisible = 0;
			defaultConfigurationName = Release;
		};
		649BF979249063C500D1BDE4 /* Build configuration list for PBXNativeTarget "PDFCreator" */ = {
			isa = XCConfigurationList;
			buildConfigurations = (
				649BF97A249063C500D1BDE4 /* Debug */,
				649BF97B249063C500D1BDE4 /* Release */,
			);
			defaultConfigurationIsVisible = 0;
			defaultConfigurationName = Release;
		};
/* End XCConfigurationList section */

/* Begin XCVersionGroup section */
		649BF96E249063BD00D1BDE4 /* PDFCreator.xcdatamodeld */ = {
			isa = XCVersionGroup;
			children = (
				649BF96F249063BD00D1BDE4 /* PDFCreator.xcdatamodel */,
			);
			currentVersion = 649BF96F249063BD00D1BDE4 /* PDFCreator.xcdatamodel */;
			path = PDFCreator.xcdatamodeld;
			sourceTree = "<group>";
			versionGroupType = wrapper.xcdatamodel;
		};
/* End XCVersionGroup section */
	};
	rootObject = 649BF95A249063BD00D1BDE4 /* Project object */;
}
